
Microsoft Visual Studio Solution File, Format Version 12.00
# Visual Studio Version 17
VisualStudioVersion = 17.6.33712.159
MinimumVisualStudioVersion = 10.0.40219.1
Project("{9A19103F-16F7-4668-BE54-9A1E7A4F7556}") = "Lab_3", "Lab_3\Lab_3.csproj", "{78B19917-D480-4D5D-B1C8-682473494A42}"
EndProject
Project("{9A19103F-16F7-4668-BE54-9A1E7A4F7556}") = "ProcessingLayer", "ProcessingLayer\ProcessingLayer.csproj", "{B385F6D3-C981-49DF-AD7C-202776C705F7}"
EndProject
Project("{9A19103F-16F7-4668-BE54-9A1E7A4F7556}") = "DataLayer", "DataLayer\DataLayer.csproj", "{706DDF8D-8940-43AF-BA6F-6EBF5074C3DB}"
EndProject
Project("{FAE04EC0-301F-11D3-BF4B-00C04F79EFBC}") = "PresentationLayer", "PresentationLayer\PresentationLayer.csproj", "{2D56571C-46BF-4FFE-BD81-38F5E2388A01}"
EndProject
Global
	GlobalSection(SolutionConfigurationPlatforms) = preSolution
		Debug|Any CPU = Debug|Any CPU
		Release|Any CPU = Release|Any CPU
	EndGlobalSection
	GlobalSection(ProjectConfigurationPlatforms) = postSolution
		{78B19917-D480-4D5D-B1C8-682473494A42}.Debug|Any CPU.ActiveCfg = Debug|Any CPU
		{78B19917-D480-4D5D-B1C8-682473494A42}.Debug|Any CPU.Build.0 = Debug|Any CPU
		{78B19917-D480-4D5D-B1C8-682473494A42}.Release|Any CPU.ActiveCfg = Release|Any CPU
		{78B19917-D480-4D5D-B1C8-682473494A42}.Release|Any CPU.Build.0 = Release|Any CPU
		{B385F6D3-C981-49DF-AD7C-202776C705F7}.Debug|Any CPU.ActiveCfg = Debug|Any CPU
		{B385F6D3-C981-49DF-AD7C-202776C705F7}.Debug|Any CPU.Build.0 = Debug|Any CPU
		{B385F6D3-C981-49DF-AD7C-202776C705F7}.Release|Any CPU.ActiveCfg = Release|Any CPU
		{B385F6D3-C981-49DF-AD7C-202776C705F7}.Release|Any CPU.Build.0 = Release|Any CPU
		{706DDF8D-8940-43AF-BA6F-6EBF5074C3DB}.Debug|Any CPU.ActiveCfg = Debug|Any CPU
		{706DDF8D-8940-43AF-BA6F-6EBF5074C3DB}.Debug|Any CPU.Build.0 = Debug|Any CPU
		{706DDF8D-8940-43AF-BA6F-6EBF5074C3DB}.Release|Any CPU.ActiveCfg = Release|Any CPU
		{706DDF8D-8940-43AF-BA6F-6EBF5074C3DB}.Release|Any CPU.Build.0 = Release|Any CPU
		{2D56571C-46BF-4FFE-BD81-38F5E2388A01}.Debug|Any CPU.ActiveCfg = Debug|Any CPU
		{2D56571C-46BF-4FFE-BD81-38F5E2388A01}.Debug|Any CPU.Build.0 = Debug|Any CPU
		{2D56571C-46BF-4FFE-BD81-38F5E2388A01}.Release|Any CPU.ActiveCfg = Release|Any CPU
		{2D56571C-46BF-4FFE-BD81-38F5E2388A01}.Release|Any CPU.Build.0 = Release|Any CPU
	EndGlobalSection
	GlobalSection(SolutionProperties) = preSolution
		HideSolutionNode = FALSE
	EndGlobalSection
	GlobalSection(ExtensibilityGlobals) = postSolution
		SolutionGuid = {E05FE020-16AE-4BEA-AF96-5B1CFA1C295B}
	EndGlobalSection
EndGlobal
